<?xml version="1.0" encoding="utf-8"?>
<Project ToolsVersion="4.0" xmlns="http://schemas.microsoft.com/developer/msbuild/2003">
  <ItemGroup>
    <Filter Include="Source Files">
      <UniqueIdentifier>{4FC737F1-C7A5-4376-A066-2A32D752A2FF}</UniqueIdentifier>
      <Extensions>cpp;c;cc;cxx;def;odl;idl;hpj;bat;asm;asmx</Extensions>
    </Filter>
    <Filter Include="Header Files">
      <UniqueIdentifier>{93995380-89BD-4b04-88EB-625FBE52EBFB}</UniqueIdentifier>
      <Extensions>h;hh;hpp;hxx;hm;inl;inc;xsd</Extensions>
    </Filter>
    <Filter Include="Resource Files">
      <UniqueIdentifier>{67DA6AB6-F800-4c08-8B7A-83BB121AAD01}</UniqueIdentifier>
      <Extensions>rc;ico;cur;bmp;dlg;rc2;rct;bin;rgs;gif;jpg;jpeg;jpe;resx;tiff;tif;png;wav;mfcribbon-ms</Extensions>
    </Filter>
    <Filter Include="Header Files\Utility">
      <UniqueIdentifier>{ce8d4a09-58dc-45dc-8199-7343db9701b9}</UniqueIdentifier>
    </Filter>
    <Filter Include="Header Files\Rendering Engine">
      <UniqueIdentifier>{c9fa3b40-9276-48a6-a360-6a7ec476baa6}</UniqueIdentifier>
    </Filter>
    <Filter Include="Source Files\Rendering Engine">
      <UniqueIdentifier>{1fc806e4-76b9-4938-8eeb-51858f417851}</UniqueIdentifier>
    </Filter>
    <Filter Include="Header Files\Rendering Engine\Abstract">
      <UniqueIdentifier>{be6c13a2-417c-489f-bd0f-db888fbe69ee}</UniqueIdentifier>
    </Filter>
    <Filter Include="Source Files\Rendering Engine\Abstract">
      <UniqueIdentifier>{8e73a647-d90b-45eb-bf65-53f417900e7d}</UniqueIdentifier>
    </Filter>
    <Filter Include="Header Files\3th Party">
      <UniqueIdentifier>{457fb01d-05a6-4589-9e81-a2efc6766f33}</UniqueIdentifier>
    </Filter>
    <Filter Include="Source Files\3th Party">
      <UniqueIdentifier>{a05ee8ee-e4fe-4100-a302-6336db5edb49}</UniqueIdentifier>
    </Filter>
    <Filter Include="Header Files\Physx Engine">
      <UniqueIdentifier>{9c35c830-d71e-4771-ba19-56cfaa011608}</UniqueIdentifier>
    </Filter>
    <Filter Include="Source Files\Physx Engine">
      <UniqueIdentifier>{39c498c3-fd56-4273-a418-a8daf03a2634}</UniqueIdentifier>
    </Filter>
    <Filter Include="Header Files\Physx Engine\Timing">
      <UniqueIdentifier>{1ee5844e-6b90-479c-9620-8dd1599c9c96}</UniqueIdentifier>
    </Filter>
    <Filter Include="Source Files\Physx Engine\Timing">
      <UniqueIdentifier>{959423b8-b5a5-40e8-a184-af2ee023e6e0}</UniqueIdentifier>
    </Filter>
    <Filter Include="Header Files\Physx Engine\Math">
      <UniqueIdentifier>{b01fb061-d643-4fb8-a8ac-d81df42a9931}</UniqueIdentifier>
    </Filter>
    <Filter Include="Header Files\Rendering Engine\Debug">
      <UniqueIdentifier>{62f2d14d-4892-4478-909b-7e7a181d36ed}</UniqueIdentifier>
    </Filter>
    <Filter Include="Source Files\Rendering Engine\Debug">
      <UniqueIdentifier>{de98fe96-93c1-49bd-8c48-dc3a2047e363}</UniqueIdentifier>
    </Filter>
    <Filter Include="Header Files\Rendering Engine\Cameras">
      <UniqueIdentifier>{f1995b2b-fff2-45ff-8ac3-cd8053623679}</UniqueIdentifier>
    </Filter>
    <Filter Include="Source Files\Rendering Engine\Cameras">
      <UniqueIdentifier>{25370bad-11a4-406b-873c-d8035731cd80}</UniqueIdentifier>
    </Filter>
    <Filter Include="Header Files\Physx Engine\Collision">
      <UniqueIdentifier>{0c496419-1295-42c1-b104-a2b9ce4642b4}</UniqueIdentifier>
    </Filter>
    <Filter Include="Header Files\Rendering Engine\Primitives">
      <UniqueIdentifier>{5e9cd27d-9c6e-4530-825d-8de984809750}</UniqueIdentifier>
    </Filter>
    <Filter Include="Header Files\Rendering Engine\GLSL">
      <UniqueIdentifier>{f8a560cf-8c04-42f2-be8d-682a67f14913}</UniqueIdentifier>
    </Filter>
    <Filter Include="Source Files\Rendering Engine\Primitives">
      <UniqueIdentifier>{5ee088e7-6189-4b35-89a0-7bbc70ff9471}</UniqueIdentifier>
    </Filter>
    <Filter Include="Source Files\Physx Engine\Collision">
      <UniqueIdentifier>{e5f6edc5-bf03-47b3-bd94-d4b215c42e31}</UniqueIdentifier>
    </Filter>
    <Filter Include="Source Files\Rendering Engine\GLSL">
      <UniqueIdentifier>{7e87a7c0-91e8-45ab-8c02-0c5f7296a6d8}</UniqueIdentifier>
    </Filter>
    <Filter Include="Source Files\Physx Engine\Math">
      <UniqueIdentifier>{ebb50e0c-fe94-4c06-aa4d-09426646de10}</UniqueIdentifier>
    </Filter>
    <Filter Include="Header Files\Rendering Engine\Lighting">
      <UniqueIdentifier>{1d507e73-f1dc-43d2-b3cf-6e280e352c7b}</UniqueIdentifier>
    </Filter>
    <Filter Include="Source Files\Rendering Engine\Lighting">
      <UniqueIdentifier>{dd6560c6-05c4-4872-b1a8-f3330bbaed39}</UniqueIdentifier>
    </Filter>
    <Filter Include="Header Files\Rendering Engine\Texture">
      <UniqueIdentifier>{d36528b1-aca1-466f-980f-6f7549bda495}</UniqueIdentifier>
    </Filter>
    <Filter Include="Header Files\Rendering Engine\Color">
      <UniqueIdentifier>{244baba3-7783-49ad-b521-aa5a98f5a42e}</UniqueIdentifier>
    </Filter>
    <Filter Include="Source Files\Rendering Engine\Color">
      <UniqueIdentifier>{a50bed87-250a-495a-af50-bdc183bd470d}</UniqueIdentifier>
    </Filter>
    <Filter Include="Header Files\Physx Engine\Physics Body">
      <UniqueIdentifier>{c19ab4b9-d3df-4ec5-b928-8732ccb966e0}</UniqueIdentifier>
    </Filter>
    <Filter Include="Source Files\Physx Engine\Physics Body">
      <UniqueIdentifier>{08c2b801-511f-4162-b911-029674d01b30}</UniqueIdentifier>
    </Filter>
  </ItemGroup>
  <ItemGroup>
    <ClCompile Include="src\Main.cpp">
      <Filter>Source Files</Filter>
    </ClCompile>
    <ClCompile Include="src\BaseApplication.cpp">
      <Filter>Source Files\Rendering Engine\Abstract</Filter>
    </ClCompile>
    <ClCompile Include="src\Gizmos.cpp">
      <Filter>Source Files\3th Party</Filter>
    </ClCompile>
    <ClCompile Include="src\gl_core_4_4.c">
      <Filter>Source Files\3th Party</Filter>
    </ClCompile>
    <ClCompile Include="src\PhxTiming.cpp">
      <Filter>Source Files\Physx Engine\Timing</Filter>
    </ClCompile>
    <ClCompile Include="src\Engine.cpp">
      <Filter>Source Files\Physx Engine</Filter>
    </ClCompile>
    <ClCompile Include="src\Bar.cpp">
      <Filter>Source Files\Rendering Engine\Debug</Filter>
    </ClCompile>
    <ClCompile Include="src\Camera.cpp">
      <Filter>Source Files\Rendering Engine\Cameras</Filter>
    </ClCompile>
    <ClCompile Include="src\AxisAlignedBoundingBox.cpp">
      <Filter>Source Files\Physx Engine\Collision</Filter>
    </ClCompile>
    <ClCompile Include="src\AxisAlignedBox.cpp">
      <Filter>Source Files\Physx Engine\Collision</Filter>
    </ClCompile>
    <ClCompile Include="src\BoundingSphere.cpp">
      <Filter>Source Files\Physx Engine\Collision</Filter>
    </ClCompile>
    <ClCompile Include="src\BaseShape.cpp">
      <Filter>Source Files\Rendering Engine\Primitives</Filter>
    </ClCompile>
    <ClCompile Include="src\ShaderProgram.cpp">
      <Filter>Source Files\Rendering Engine\GLSL</Filter>
    </ClCompile>
    <ClCompile Include="src\ShapeFactory.cpp">
      <Filter>Source Files\Rendering Engine\Primitives</Filter>
    </ClCompile>
    <ClCompile Include="src\ShapeManager.cpp">
      <Filter>Source Files\Rendering Engine\Primitives</Filter>
    </ClCompile>
    <ClCompile Include="src\Shapes.cpp">
      <Filter>Source Files\Rendering Engine\Primitives</Filter>
    </ClCompile>
    <ClCompile Include="src\TextureLoader.cpp">
      <Filter>Source Files\Rendering Engine</Filter>
    </ClCompile>
    <ClCompile Include="src\ViewFrustum.cpp">
      <Filter>Source Files\Rendering Engine\Cameras</Filter>
    </ClCompile>
    <ClCompile Include="src\Plane.cpp">
      <Filter>Source Files\Physx Engine\Math</Filter>
    </ClCompile>
    <ClCompile Include="src\QuatCamera.cpp">
      <Filter>Source Files\Rendering Engine\Cameras</Filter>
    </ClCompile>
    <ClCompile Include="src\OrthoCamera.cpp">
      <Filter>Source Files\Rendering Engine\Cameras</Filter>
    </ClCompile>
    <ClCompile Include="src\Sphere.cpp">
      <Filter>Source Files\Physx Engine\Math</Filter>
    </ClCompile>
    <ClCompile Include="src\PerspectiveCamera.cpp">
      <Filter>Source Files\Rendering Engine\Cameras</Filter>
    </ClCompile>
    <ClCompile Include="src\CameraManager.cpp">
      <Filter>Source Files\Rendering Engine\Cameras</Filter>
    </ClCompile>
    <ClCompile Include="src\Color.cpp">
      <Filter>Source Files\Rendering Engine\Color</Filter>
    </ClCompile>
  </ItemGroup>
  <ItemGroup>
    <ClInclude Include="src\BaseApplication.h">
      <Filter>Header Files\Rendering Engine\Abstract</Filter>
    </ClInclude>
    <ClInclude Include="src\UsedLibs.h">
      <Filter>Header Files\Utility</Filter>
    </ClInclude>
    <ClInclude Include="src\Gizmos.h">
      <Filter>Header Files\3th Party</Filter>
    </ClInclude>
    <ClInclude Include="src\gl_core_4_4.h">
      <Filter>Header Files\3th Party</Filter>
    </ClInclude>
    <ClInclude Include="src\stb_image.h">
      <Filter>Header Files\3th Party</Filter>
    </ClInclude>
    <ClInclude Include="src\PhysicsEngine.h">
      <Filter>Header Files\Physx Engine</Filter>
    </ClInclude>
    <ClInclude Include="src\Engine.h">
      <Filter>Header Files\Physx Engine</Filter>
    </ClInclude>
    <ClInclude Include="src\PhxTiming.h">
      <Filter>Header Files\Physx Engine\Timing</Filter>
    </ClInclude>
    <ClInclude Include="src\Precision.h">
      <Filter>Header Files\Physx Engine\Math</Filter>
    </ClInclude>
    <ClInclude Include="src\Bar.h">
      <Filter>Header Files\Rendering Engine\Debug</Filter>
    </ClInclude>
    <ClInclude Include="src\Camera.h">
      <Filter>Header Files\Rendering Engine\Cameras</Filter>
    </ClInclude>
    <ClInclude Include="src\ViewFrustum.h">
      <Filter>Header Files\Rendering Engine\Cameras</Filter>
    </ClInclude>
    <ClInclude Include="src\AxisAlignedBoundingBox.h">
      <Filter>Header Files\Physx Engine\Collision</Filter>
    </ClInclude>
    <ClInclude Include="src\AxisAlignedBox.h">
      <Filter>Header Files\Physx Engine\Collision</Filter>
    </ClInclude>
    <ClInclude Include="src\BoundingSphere.h">
      <Filter>Header Files\Physx Engine\Collision</Filter>
    </ClInclude>
    <ClInclude Include="src\BaseShape.h">
      <Filter>Header Files\Rendering Engine\Primitives</Filter>
    </ClInclude>
    <ClInclude Include="src\GridPlaneShape.h">
      <Filter>Header Files\Rendering Engine\Primitives</Filter>
    </ClInclude>
    <ClInclude Include="src\DomeShape.h">
      <Filter>Header Files\Rendering Engine\Primitives</Filter>
    </ClInclude>
    <ClInclude Include="src\CylinderShape.h">
      <Filter>Header Files\Rendering Engine\Primitives</Filter>
    </ClInclude>
    <ClInclude Include="src\CubeShape.h">
      <Filter>Header Files\Rendering Engine\Primitives</Filter>
    </ClInclude>
    <ClInclude Include="src\ConeShape.h">
      <Filter>Header Files\Rendering Engine\Primitives</Filter>
    </ClInclude>
    <ClInclude Include="src\MappedKeyValue.h">
      <Filter>Header Files\Rendering Engine\Abstract</Filter>
    </ClInclude>
    <ClInclude Include="src\ShapeFactory.h">
      <Filter>Header Files\Rendering Engine\Primitives</Filter>
    </ClInclude>
    <ClInclude Include="src\TorusShape.h">
      <Filter>Header Files\Rendering Engine\Primitives</Filter>
    </ClInclude>
    <ClInclude Include="src\ShapeManager.h">
      <Filter>Header Files\Rendering Engine\Primitives</Filter>
    </ClInclude>
    <ClInclude Include="src\Shapes.h">
      <Filter>Header Files\Rendering Engine\Primitives</Filter>
    </ClInclude>
    <ClInclude Include="src\SphereShape.h">
      <Filter>Header Files\Rendering Engine\Primitives</Filter>
    </ClInclude>
    <ClInclude Include="src\ShaderProgram.h">
      <Filter>Header Files\Rendering Engine\GLSL</Filter>
    </ClInclude>
    <ClInclude Include="src\QuatCamera.h">
      <Filter>Header Files\Rendering Engine\Cameras</Filter>
    </ClInclude>
    <ClInclude Include="src\Plane.h">
      <Filter>Header Files\Physx Engine\Math</Filter>
    </ClInclude>
    <ClInclude Include="src\OrthoCamera.h">
      <Filter>Header Files\Rendering Engine\Cameras</Filter>
    </ClInclude>
    <ClInclude Include="src\Sphere.h">
      <Filter>Header Files\Physx Engine\Math</Filter>
    </ClInclude>
    <ClInclude Include="src\PerspectiveCamera.h">
      <Filter>Header Files\Rendering Engine\Cameras</Filter>
    </ClInclude>
    <ClInclude Include="src\Singleton.h">
      <Filter>Header Files\Rendering Engine\Abstract</Filter>
    </ClInclude>
    <ClInclude Include="src\CameraManager.h">
      <Filter>Header Files\Rendering Engine\Cameras</Filter>
    </ClInclude>
    <ClInclude Include="src\Log.h">
      <Filter>Header Files\Rendering Engine\Abstract</Filter>
    </ClInclude>
    <ClInclude Include="src\Light.h">
      <Filter>Header Files\Rendering Engine\Lighting</Filter>
    </ClInclude>
    <ClInclude Include="src\TextureLoader.h">
      <Filter>Header Files\Rendering Engine\Texture</Filter>
    </ClInclude>
    <ClInclude Include="src\Color.h">
      <Filter>Header Files\Rendering Engine\Color</Filter>
    </ClInclude>
    <ClInclude Include="src\CoreMath.h">
      <Filter>Header Files\Physx Engine\Math</Filter>
    </ClInclude>
    <ClInclude Include="src\PhxParticle.h">
      <Filter>Header Files\Physx Engine\Physics Body</Filter>
    </ClInclude>
  </ItemGroup>
</Project>